
Microsoft Visual Studio Solution File, Format Version 12.00
# Visual Studio 15
VisualStudioVersion = 15.0.28307.902
MinimumVisualStudioVersion = 10.0.40219.1
Project("{9A19103F-16F7-4668-BE54-9A1E7A4F7556}") = "loginregister", "loginregister\loginregister.csproj", "{E93D7F3F-E6B2-4AC3-9017-9207CF452F68}"
EndProject
Project("{FAE04EC0-301F-11D3-BF4B-00C04F79EFBC}") = "skillstest", "skillstest\skillstest.csproj", "{A9AF884D-42C9-4BB0-A935-0AD16A4E415E}"
EndProject
Global
	GlobalSection(SolutionConfigurationPlatforms) = preSolution
		Debug|Any CPU = Debug|Any CPU
		Release|Any CPU = Release|Any CPU
	EndGlobalSection
	GlobalSection(ProjectConfigurationPlatforms) = postSolution
		{E93D7F3F-E6B2-4AC3-9017-9207CF452F68}.Debug|Any CPU.ActiveCfg = Debug|Any CPU
		{E93D7F3F-E6B2-4AC3-9017-9207CF452F68}.Debug|Any CPU.Build.0 = Debug|Any CPU
		{E93D7F3F-E6B2-4AC3-9017-9207CF452F68}.Release|Any CPU.ActiveCfg = Release|Any CPU
		{E93D7F3F-E6B2-4AC3-9017-9207CF452F68}.Release|Any CPU.Build.0 = Release|Any CPU
		{A9AF884D-42C9-4BB0-A935-0AD16A4E415E}.Debug|Any CPU.ActiveCfg = Debug|Any CPU
		{A9AF884D-42C9-4BB0-A935-0AD16A4E415E}.Debug|Any CPU.Build.0 = Debug|Any CPU
		{A9AF884D-42C9-4BB0-A935-0AD16A4E415E}.Release|Any CPU.ActiveCfg = Release|Any CPU
		{A9AF884D-42C9-4BB0-A935-0AD16A4E415E}.Release|Any CPU.Build.0 = Release|Any CPU
	EndGlobalSection
	GlobalSection(SolutionProperties) = preSolution
		HideSolutionNode = FALSE
	EndGlobalSection
	GlobalSection(ExtensibilityGlobals) = postSolution
		SolutionGuid = {F0551D6F-88EA-40C4-8653-DB994D7DFF23}
	EndGlobalSection
EndGlobal
